PODS:
  - GDCoreDataConcurrencyDebugging (0.1):
    - JRSwizzle
  - JRSwizzle (1.0)

DEPENDENCIES:
  - GDCoreDataConcurrencyDebugging (from `..`)

EXTERNAL SOURCES:
  GDCoreDataConcurrencyDebugging:
    :path: ..

SPEC CHECKSUMS:
  GDCoreDataConcurrencyDebugging: 484fb925228b5beac19774c21e4db9ed1f9cc564
  JRSwizzle: 30da7a2c539a4ebf954b16d15f6dd8221c9f6fa5

COCOAPODS: 0.34.4
