PODS:
  - GDCoreDataConcurrencyDebugging (0.0.6):
    - JRSwizzle
  - JRSwizzle (1.0)

DEPENDENCIES:
  - GDCoreDataConcurrencyDebugging (from `..`)

EXTERNAL SOURCES:
  GDCoreDataConcurrencyDebugging:
    :path: ..

SPEC CHECKSUMS:
  GDCoreDataConcurrencyDebugging: f4396e0b0c5c94944f5d7f83ecfff40f8a5186c9
  JRSwizzle: 6242ff38485d870fc2636899048ee1ab883ae587

COCOAPODS: 0.28.0
